{
  "object": {
    "pins": [
      {
        "package": "Alamofire",
        "repositoryURL": "https://github.com/Alamofire/Alamofire.git",
        "state": {
          "branch": "master",
          "revision": "65b77694905b0dea7e419b2f74b1e5dc037094b5",
          "version": null
        }
      },
      {
        "package": "Kingfisher",
        "repositoryURL": "https://github.com/onevcat/Kingfisher.git",
        "state": {
          "branch": "master",
          "revision": "0c02c46cfdc0656ce74fd0963a75e5000a0b7f23",
          "version": null
        }
      }
    ]
  },
  "version": 1
}
